
Microsoft Visual Studio Solution File, Format Version 12.00
# Visual Studio Version 16
VisualStudioVersion = 16.0.31129.286
MinimumVisualStudioVersion = 10.0.40219.1
Project("{9A19103F-16F7-4668-BE54-9A1E7A4F7556}") = "Stage3FinalAppG23", "Stage3FinalAppG23\Stage3FinalAppG23.csproj", "{ECC2F8AA-6DEA-471B-8AF5-08EEC26A63B8}"
EndProject
Global
	GlobalSection(SolutionConfigurationPlatforms) = preSolution
		Debug|Any CPU = Debug|Any CPU
		Release|Any CPU = Release|Any CPU
	EndGlobalSection
	GlobalSection(ProjectConfigurationPlatforms) = postSolution
		{ECC2F8AA-6DEA-471B-8AF5-08EEC26A63B8}.Debug|Any CPU.ActiveCfg = Debug|Any CPU
		{ECC2F8AA-6DEA-471B-8AF5-08EEC26A63B8}.Debug|Any CPU.Build.0 = Debug|Any CPU
		{ECC2F8AA-6DEA-471B-8AF5-08EEC26A63B8}.Release|Any CPU.ActiveCfg = Release|Any CPU
		{ECC2F8AA-6DEA-471B-8AF5-08EEC26A63B8}.Release|Any CPU.Build.0 = Release|Any CPU
	EndGlobalSection
	GlobalSection(SolutionProperties) = preSolution
		HideSolutionNode = FALSE
	EndGlobalSection
	GlobalSection(ExtensibilityGlobals) = postSolution
		SolutionGuid = {CC72E9DC-8B60-456D-9EC5-42C23115152E}
	EndGlobalSection
EndGlobal
